# This file was autogenerated by uv via the following command:
#    uv pip compile --python .venv/bin/python --constraint /tmp/tmp.PZXhTSZc0F --output-file .github/ci-requirements.lock .github/ci-requirements.txt
attrs==26.1.0
    # via
    #   -c /tmp/tmp.PZXhTSZc0F
    #   jsonschema
    #   referencing
boto3==1.43.11
    # via
    #   -c /tmp/tmp.PZXhTSZc0F
    #   moto
    #   multi-storage-client
botocore==1.43.11
    # via
    #   -c /tmp/tmp.PZXhTSZc0F
    #   boto3
    #   moto
    #   s3transfer
bracex==2.6
    # via
    #   -c /tmp/tmp.PZXhTSZc0F
    #   wcmatch
certifi==2026.2.25
    # via
    #   -c /tmp/tmp.PZXhTSZc0F
    #   requests
cffi==2.0.0
    # via
    #   -c /tmp/tmp.PZXhTSZc0F
    #   cryptography
    #   xattr
charset-normalizer==3.4.7
    # via
    #   -c /tmp/tmp.PZXhTSZc0F
    #   requests
cryptography==46.0.7
    # via
    #   -c /tmp/tmp.PZXhTSZc0F
    #   moto
filelock==3.29.0
    # via
    #   -c /tmp/tmp.PZXhTSZc0F
    #   multi-storage-client
idna==3.11
    # via
    #   -c /tmp/tmp.PZXhTSZc0F
    #   requests
imageio==2.37.3
    # via
    #   -c /tmp/tmp.PZXhTSZc0F
    #   scikit-image
jmespath==1.1.0
    # via
    #   -c /tmp/tmp.PZXhTSZc0F
    #   boto3
    #   botocore
    #   multi-storage-client
jsonschema==4.26.0
    # via
    #   -c /tmp/tmp.PZXhTSZc0F
    #   multi-storage-client
jsonschema-specifications==2025.9.1
    # via
    #   -c /tmp/tmp.PZXhTSZc0F
    #   jsonschema
lark==1.3.1
    # via
    #   -c /tmp/tmp.PZXhTSZc0F
    #   multi-storage-client
lazy-loader==0.5
    # via
    #   -c /tmp/tmp.PZXhTSZc0F
    #   scikit-image
markupsafe==3.0.3
    # via
    #   -c /tmp/tmp.PZXhTSZc0F
    #   werkzeug
ml-dtypes==0.5.4
    # via
    #   -c /tmp/tmp.PZXhTSZc0F
    #   tensorstore
moto==5.2.1
    # via
    #   -c /tmp/tmp.PZXhTSZc0F
    #   -r .github/ci-requirements.txt
multi-storage-client==0.48.0
    # via
    #   -c /tmp/tmp.PZXhTSZc0F
    #   -r .github/ci-requirements.txt
networkx==3.6.1
    # via
    #   -c /tmp/tmp.PZXhTSZc0F
    #   scikit-image
numpy==2.2.6
    # via
    #   -c /tmp/tmp.PZXhTSZc0F
    #   -r .github/ci-requirements.txt
    #   imageio
    #   ml-dtypes
    #   numpy-stl
    #   scikit-image
    #   scipy
    #   shapely
    #   tensorstore
    #   tifffile
numpy-stl==3.2.0
    # via
    #   -c /tmp/tmp.PZXhTSZc0F
    #   -r .github/ci-requirements.txt
opentelemetry-api==1.42.0
    # via
    #   -c /tmp/tmp.PZXhTSZc0F
    #   multi-storage-client
packaging==25.0
    # via
    #   -c /tmp/tmp.PZXhTSZc0F
    #   lazy-loader
    #   scikit-image
pillow==12.2.0
    # via
    #   -c /tmp/tmp.PZXhTSZc0F
    #   imageio
    #   scikit-image
prettytable==3.17.0
    # via
    #   -c /tmp/tmp.PZXhTSZc0F
    #   multi-storage-client
psutil==7.2.2
    # via
    #   -c /tmp/tmp.PZXhTSZc0F
    #   multi-storage-client
py-partiql-parser==0.6.3
    # via
    #   -c /tmp/tmp.PZXhTSZc0F
    #   moto
pyarrow==24.0.0
    # via
    #   -c /tmp/tmp.PZXhTSZc0F
    #   -r .github/ci-requirements.txt
pycparser==3.0
    # via
    #   -c /tmp/tmp.PZXhTSZc0F
    #   cffi
pyg-lib==0.6.0+pt211cu128
    # via
    #   -c /tmp/tmp.PZXhTSZc0F
    #   -r .github/ci-requirements.txt
python-dateutil==2.9.0.post0
    # via
    #   -c /tmp/tmp.PZXhTSZc0F
    #   botocore
    #   multi-storage-client
python-utils==3.9.1
    # via
    #   -c /tmp/tmp.PZXhTSZc0F
    #   numpy-stl
pyyaml==6.0.3
    # via
    #   -c /tmp/tmp.PZXhTSZc0F
    #   moto
    #   multi-storage-client
    #   responses
referencing==0.37.0
    # via
    #   -c /tmp/tmp.PZXhTSZc0F
    #   jsonschema
    #   jsonschema-specifications
requests==2.33.1
    # via
    #   -c /tmp/tmp.PZXhTSZc0F
    #   moto
    #   responses
responses==0.26.0
    # via
    #   -c /tmp/tmp.PZXhTSZc0F
    #   moto
rpds-py==0.30.0
    # via
    #   -c /tmp/tmp.PZXhTSZc0F
    #   jsonschema
    #   referencing
s3transfer==0.17.0
    # via
    #   -c /tmp/tmp.PZXhTSZc0F
    #   boto3
scikit-image==0.26.0
    # via
    #   -c /tmp/tmp.PZXhTSZc0F
    #   -r .github/ci-requirements.txt
scipy==1.17.1
    # via
    #   -c /tmp/tmp.PZXhTSZc0F
    #   scikit-image
    #   torch-cluster
    #   torch-sparse
shapely==2.1.2
    # via
    #   -c /tmp/tmp.PZXhTSZc0F
    #   -r .github/ci-requirements.txt
six==1.17.0
    # via
    #   -c /tmp/tmp.PZXhTSZc0F
    #   python-dateutil
tensorstore==0.1.83
    # via
    #   -c /tmp/tmp.PZXhTSZc0F
    #   -r .github/ci-requirements.txt
tifffile==2026.5.15
    # via
    #   -c /tmp/tmp.PZXhTSZc0F
    #   scikit-image
torch-cluster==1.6.3+pt211cu128
    # via
    #   -c /tmp/tmp.PZXhTSZc0F
    #   -r .github/ci-requirements.txt
torch-scatter==2.1.2+pt211cu128
    # via
    #   -c /tmp/tmp.PZXhTSZc0F
    #   -r .github/ci-requirements.txt
torch-sparse==0.6.18+pt211cu128
    # via
    #   -c /tmp/tmp.PZXhTSZc0F
    #   -r .github/ci-requirements.txt
tqdm==4.67.3
    # via
    #   -c /tmp/tmp.PZXhTSZc0F
    #   multi-storage-client
typing-extensions==4.15.0
    # via
    #   -c /tmp/tmp.PZXhTSZc0F
    #   opentelemetry-api
    #   python-utils
    #   referencing
tzdata==2025.3
    # via
    #   -c /tmp/tmp.PZXhTSZc0F
    #   multi-storage-client
urllib3==2.6.3
    # via
    #   -c /tmp/tmp.PZXhTSZc0F
    #   botocore
    #   requests
    #   responses
wcmatch==10.1
    # via
    #   -c /tmp/tmp.PZXhTSZc0F
    #   multi-storage-client
wcwidth==0.6.0
    # via
    #   -c /tmp/tmp.PZXhTSZc0F
    #   prettytable
werkzeug==3.1.8
    # via
    #   -c /tmp/tmp.PZXhTSZc0F
    #   moto
xattr==1.3.0
    # via
    #   -c /tmp/tmp.PZXhTSZc0F
    #   multi-storage-client
xmltodict==1.0.4
    # via
    #   -c /tmp/tmp.PZXhTSZc0F
    #   moto
